
Microsoft Visual Studio Solution File, Format Version 12.00
# Visual Studio Version 17
VisualStudioVersion = 17.4.33122.133
MinimumVisualStudioVersion = 10.0.40219.1
Project("{FAE04EC0-301F-11D3-BF4B-00C04F79EFBC}") = "notebooktask", "notebooktask.csproj", "{BA872DA8-5E59-4368-BFE2-F1BC24631FD3}"
EndProject
Global
	GlobalSection(SolutionConfigurationPlatforms) = preSolution
		Debug|Any CPU = Debug|Any CPU
		Release|Any CPU = Release|Any CPU
	EndGlobalSection
	GlobalSection(ProjectConfigurationPlatforms) = postSolution
		{BA872DA8-5E59-4368-BFE2-F1BC24631FD3}.Debug|Any CPU.ActiveCfg = Debug|Any CPU
		{BA872DA8-5E59-4368-BFE2-F1BC24631FD3}.Debug|Any CPU.Build.0 = Debug|Any CPU
		{BA872DA8-5E59-4368-BFE2-F1BC24631FD3}.Release|Any CPU.ActiveCfg = Release|Any CPU
		{BA872DA8-5E59-4368-BFE2-F1BC24631FD3}.Release|Any CPU.Build.0 = Release|Any CPU
	EndGlobalSection
	GlobalSection(SolutionProperties) = preSolution
		HideSolutionNode = FALSE
	EndGlobalSection
	GlobalSection(ExtensibilityGlobals) = postSolution
		SolutionGuid = {FBB194E2-586D-4AEB-B5FC-6388B0A83A2F}
	EndGlobalSection
EndGlobal
